
Microsoft Visual Studio Solution File, Format Version 12.00
# Visual Studio Version 16
VisualStudioVersion = 16.0.30711.63
MinimumVisualStudioVersion = 10.0.40219.1
Project("{FAE04EC0-301F-11D3-BF4B-00C04F79EFBC}") = "Atsiskaitymas 2020-12-22", "Atsiskaitymas 2020-12-22\Atsiskaitymas 2020-12-22.csproj", "{6D1C5851-B194-48AC-8DAD-9759158A7878}"
EndProject
Global
	GlobalSection(SolutionConfigurationPlatforms) = preSolution
		Debug|Any CPU = Debug|Any CPU
		Release|Any CPU = Release|Any CPU
	EndGlobalSection
	GlobalSection(ProjectConfigurationPlatforms) = postSolution
		{6D1C5851-B194-48AC-8DAD-9759158A7878}.Debug|Any CPU.ActiveCfg = Debug|Any CPU
		{6D1C5851-B194-48AC-8DAD-9759158A7878}.Debug|Any CPU.Build.0 = Debug|Any CPU
		{6D1C5851-B194-48AC-8DAD-9759158A7878}.Release|Any CPU.ActiveCfg = Release|Any CPU
		{6D1C5851-B194-48AC-8DAD-9759158A7878}.Release|Any CPU.Build.0 = Release|Any CPU
	EndGlobalSection
	GlobalSection(SolutionProperties) = preSolution
		HideSolutionNode = FALSE
	EndGlobalSection
	GlobalSection(ExtensibilityGlobals) = postSolution
		SolutionGuid = {8D75ED9E-FDA3-4C43-98F5-A57ADA389319}
	EndGlobalSection
EndGlobal
